// !$*UTF8*$!
{
	archiveVersion = 1;
	classes = {
	};
	objectVersion = 46;
	objects = {

/* Begin PBXBuildFile section */
		C92DCA861A9581E40096BF2B /* main.m in Sources */ = {isa = PBXBuildFile; fileRef = C92DCA851A9581E40096BF2B /* main.m */; };
		C92DCA891A9581E40096BF2B /* AppDelegate.m in Sources */ = {isa = PBXBuildFile; fileRef = C92DCA881A9581E40096BF2B /* AppDelegate.m */; };
		C92DCA8C1A9581E40096BF2B /* ViewController.m in Sources */ = {isa = PBXBuildFile; fileRef = C92DCA8B1A9581E40096BF2B /* ViewController.m */; };
		C92DCA8F1A9581E40096BF2B /* Main.storyboard in Resources */ = {isa = PBXBuildFile; fileRef = C92DCA8D1A9581E40096BF2B /* Main.storyboard */; };
		C92DCA911A9581E40096BF2B /* Images.xcassets in Resources */ = {isa = PBXBuildFile; fileRef = C92DCA901A9581E40096BF2B /* Images.xcassets */; };
		C92DCA941A9581E40096BF2B /* LaunchScreen.xib in Resources */ = {isa = PBXBuildFile; fileRef = C92DCA921A9581E40096BF2B /* LaunchScreen.xib */; };
		C92DCAA01A9581E50096BF2B /* AVAudioUnitTimeEffectSampleTests.m in Sources */ = {isa = PBXBuildFile; fileRef = C92DCA9F1A9581E50096BF2B /* AVAudioUnitTimeEffectSampleTests.m */; };
		C92DCAAA1A9585E30096BF2B /* loop.m4a in Resources */ = {isa = PBXBuildFile; fileRef = C92DCAA91A9585E30096BF2B /* loop.m4a */; };
/* End PBXBuildFile section */

/* Begin PBXContainerItemProxy section */
		C92DCA9A1A9581E40096BF2B /* PBXContainerItemProxy */ = {
			isa = PBXContainerItemProxy;
			containerPortal = C92DCA781A9581E40096BF2B /* Project object */;
			proxyType = 1;
			remoteGlobalIDString = C92DCA7F1A9581E40096BF2B;
			remoteInfo = AVAudioUnitTimeEffectSample;
		};
/* End PBXContainerItemProxy section */

/* Begin PBXFileReference section */
		C92DCA801A9581E40096BF2B /* AVAudioUnitTimeEffectSample.app */ = {isa = PBXFileReference; explicitFileType = wrapper.application; includeInIndex = 0; path = AVAudioUnitTimeEffectSample.app; sourceTree = BUILT_PRODUCTS_DIR; };
		C92DCA841A9581E40096BF2B /* Info.plist */ = {isa = PBXFileReference; lastKnownFileType = text.plist.xml; path = Info.plist; sourceTree = "<group>"; };
		C92DCA851A9581E40096BF2B /* main.m */ = {isa = PBXFileReference; lastKnownFileType = sourcecode.c.objc; path = main.m; sourceTree = "<group>"; };
		C92DCA871A9581E40096BF2B /* AppDelegate.h */ = {isa = PBXFileReference; lastKnownFileType = sourcecode.c.h; path = AppDelegate.h; sourceTree = "<group>"; };
		C92DCA881A9581E40096BF2B /* AppDelegate.m */ = {isa = PBXFileReference; lastKnownFileType = sourcecode.c.objc; path = AppDelegate.m; sourceTree = "<group>"; };
		C92DCA8A1A9581E40096BF2B /* ViewController.h */ = {isa = PBXFileReference; lastKnownFileType = sourcecode.c.h; path = ViewController.h; sourceTree = "<group>"; };
		C92DCA8B1A9581E40096BF2B /* ViewController.m */ = {isa = PBXFileReference; lastKnownFileType = sourcecode.c.objc; path = ViewController.m; sourceTree = "<group>"; };
		C92DCA8E1A9581E40096BF2B /* Base */ = {isa = PBXFileReference; lastKnownFileType = file.storyboard; name = Base; path = Base.lproj/Main.storyboard; sourceTree = "<group>"; };
		C92DCA901A9581E40096BF2B /* Images.xcassets */ = {isa = PBXFileReference; lastKnownFileType = folder.assetcatalog; path = Images.xcassets; sourceTree = "<group>"; };
		C92DCA931A9581E40096BF2B /* Base */ = {isa = PBXFileReference; lastKnownFileType = file.xib; name = Base; path = Base.lproj/LaunchScreen.xib; sourceTree = "<group>"; };
		C92DCA991A9581E40096BF2B /* AVAudioUnitTimeEffectSampleTests.xctest */ = {isa = PBXFileReference; explicitFileType = wrapper.cfbundle; includeInIndex = 0; path = AVAudioUnitTimeEffectSampleTests.xctest; sourceTree = BUILT_PRODUCTS_DIR; };
		C92DCA9E1A9581E50096BF2B /* Info.plist */ = {isa = PBXFileReference; lastKnownFileType = text.plist.xml; path = Info.plist; sourceTree = "<group>"; };
		C92DCA9F1A9581E50096BF2B /* AVAudioUnitTimeEffectSampleTests.m */ = {isa = PBXFileReference; lastKnownFileType = sourcecode.c.objc; path = AVAudioUnitTimeEffectSampleTests.m; sourceTree = "<group>"; };
		C92DCAA91A9585E30096BF2B /* loop.m4a */ = {isa = PBXFileReference; lastKnownFileType = file; path = loop.m4a; sourceTree = "<group>"; };
/* End PBXFileReference section */

/* Begin PBXFrameworksBuildPhase section */
		C92DCA7D1A9581E40096BF2B /* Frameworks */ = {
			isa = PBXFrameworksBuildPhase;
			buildActionMask = 2147483647;
			files = (
			);
			runOnlyForDeploymentPostprocessing = 0;
		};
		C92DCA961A9581E40096BF2B /* Frameworks */ = {
			isa = PBXFrameworksBuildPhase;
			buildActionMask = 2147483647;
			files = (
			);
			runOnlyForDeploymentPostprocessing = 0;
		};
/* End PBXFrameworksBuildPhase section */

/* Begin PBXGroup section */
		C92DCA771A9581E40096BF2B = {
			isa = PBXGroup;
			children = (
				C92DCA821A9581E40096BF2B /* AVAudioUnitTimeEffectSample */,
				C92DCA9C1A9581E40096BF2B /* AVAudioUnitTimeEffectSampleTests */,
				C92DCA811A9581E40096BF2B /* Products */,
			);
			sourceTree = "<group>";
		};
		C92DCA811A9581E40096BF2B /* Products */ = {
			isa = PBXGroup;
			children = (
				C92DCA801A9581E40096BF2B /* AVAudioUnitTimeEffectSample.app */,
				C92DCA991A9581E40096BF2B /* AVAudioUnitTimeEffectSampleTests.xctest */,
			);
			name = Products;
			sourceTree = "<group>";
		};
		C92DCA821A9581E40096BF2B /* AVAudioUnitTimeEffectSample */ = {
			isa = PBXGroup;
			children = (
				C92DCAA91A9585E30096BF2B /* loop.m4a */,
				C92DCA871A9581E40096BF2B /* AppDelegate.h */,
				C92DCA881A9581E40096BF2B /* AppDelegate.m */,
				C92DCA8A1A9581E40096BF2B /* ViewController.h */,
				C92DCA8B1A9581E40096BF2B /* ViewController.m */,
				C92DCA8D1A9581E40096BF2B /* Main.storyboard */,
				C92DCA901A9581E40096BF2B /* Images.xcassets */,
				C92DCA921A9581E40096BF2B /* LaunchScreen.xib */,
				C92DCA831A9581E40096BF2B /* Supporting Files */,
			);
			path = AVAudioUnitTimeEffectSample;
			sourceTree = "<group>";
		};
		C92DCA831A9581E40096BF2B /* Supporting Files */ = {
			isa = PBXGroup;
			children = (
				C92DCA841A9581E40096BF2B /* Info.plist */,
				C92DCA851A9581E40096BF2B /* main.m */,
			);
			name = "Supporting Files";
			sourceTree = "<group>";
		};
		C92DCA9C1A9581E40096BF2B /* AVAudioUnitTimeEffectSampleTests */ = {
			isa = PBXGroup;
			children = (
				C92DCA9F1A9581E50096BF2B /* AVAudioUnitTimeEffectSampleTests.m */,
				C92DCA9D1A9581E50096BF2B /* Supporting Files */,
			);
			path = AVAudioUnitTimeEffectSampleTests;
			sourceTree = "<group>";
		};
		C92DCA9D1A9581E50096BF2B /* Supporting Files */ = {
			isa = PBXGroup;
			children = (
				C92DCA9E1A9581E50096BF2B /* Info.plist */,
			);
			name = "Supporting Files";
			sourceTree = "<group>";
		};
/* End PBXGroup section */

/* Begin PBXNativeTarget section */
		C92DCA7F1A9581E40096BF2B /* AVAudioUnitTimeEffectSample */ = {
			isa = PBXNativeTarget;
			buildConfigurationList = C92DCAA31A9581E50096BF2B /* Build configuration list for PBXNativeTarget "AVAudioUnitTimeEffectSample" */;
			buildPhases = (
				C92DCA7C1A9581E40096BF2B /* Sources */,
				C92DCA7D1A9581E40096BF2B /* Frameworks */,
				C92DCA7E1A9581E40096BF2B /* Resources */,
			);
			buildRules = (
			);
			dependencies = (
			);
			name = AVAudioUnitTimeEffectSample;
			productName = AVAudioUnitTimeEffectSample;
			productReference = C92DCA801A9581E40096BF2B /* AVAudioUnitTimeEffectSample.app */;
			productType = "com.apple.product-type.application";
		};
		C92DCA981A9581E40096BF2B /* AVAudioUnitTimeEffectSampleTests */ = {
			isa = PBXNativeTarget;
			buildConfigurationList = C92DCAA61A9581E50096BF2B /* Build configuration list for PBXNativeTarget "AVAudioUnitTimeEffectSampleTests" */;
			buildPhases = (
				C92DCA951A9581E40096BF2B /* Sources */,
				C92DCA961A9581E40096BF2B /* Frameworks */,
				C92DCA971A9581E40096BF2B /* Resources */,
			);
			buildRules = (
			);
			dependencies = (
				C92DCA9B1A9581E40096BF2B /* PBXTargetDependency */,
			);
			name = AVAudioUnitTimeEffectSampleTests;
			productName = AVAudioUnitTimeEffectSampleTests;
			productReference = C92DCA991A9581E40096BF2B /* AVAudioUnitTimeEffectSampleTests.xctest */;
			productType = "com.apple.product-type.bundle.unit-test";
		};
/* End PBXNativeTarget section */

/* Begin PBXProject section */
		C92DCA781A9581E40096BF2B /* Project object */ = {
			isa = PBXProject;
			attributes = {
				LastUpgradeCheck = 0610;
				ORGANIZATIONNAME = hiraya.shingo;
				TargetAttributes = {
					C92DCA7F1A9581E40096BF2B = {
						CreatedOnToolsVersion = 6.1.1;
					};
					C92DCA981A9581E40096BF2B = {
						CreatedOnToolsVersion = 6.1.1;
						TestTargetID = C92DCA7F1A9581E40096BF2B;
					};
				};
			};
			buildConfigurationList = C92DCA7B1A9581E40096BF2B /* Build configuration list for PBXProject "AVAudioUnitTimeEffectSample" */;
			compatibilityVersion = "Xcode 3.2";
			developmentRegion = English;
			hasScannedForEncodings = 0;
			knownRegions = (
				en,
				Base,
			);
			mainGroup = C92DCA771A9581E40096BF2B;
			productRefGroup = C92DCA811A9581E40096BF2B /* Products */;
			projectDirPath = "";
			projectRoot = "";
			targets = (
				C92DCA7F1A9581E40096BF2B /* AVAudioUnitTimeEffectSample */,
				C92DCA981A9581E40096BF2B /* AVAudioUnitTimeEffectSampleTests */,
			);
		};
/* End PBXProject section */

/* Begin PBXResourcesBuildPhase section */
		C92DCA7E1A9581E40096BF2B /* Resources */ = {
			isa = PBXResourcesBuildPhase;
			buildActionMask = 2147483647;
			files = (
				C92DCA8F1A9581E40096BF2B /* Main.storyboard in Resources */,
				C92DCA941A9581E40096BF2B /* LaunchScreen.xib in Resources */,
				C92DCAAA1A9585E30096BF2B /* loop.m4a in Resources */,
				C92DCA911A9581E40096BF2B /* Images.xcassets in Resources */,
			);
			runOnlyForDeploymentPostprocessing = 0;
		};
		C92DCA971A9581E40096BF2B /* Resources */ = {
			isa = PBXResourcesBuildPhase;
			buildActionMask = 2147483647;
			files = (
			);
			runOnlyForDeploymentPostprocessing = 0;
		};
/* End PBXResourcesBuildPhase section */

/* Begin PBXSourcesBuildPhase section */
		C92DCA7C1A9581E40096BF2B /* Sources */ = {
			isa = PBXSourcesBuildPhase;
			buildActionMask = 2147483647;
			files = (
				C92DCA8C1A9581E40096BF2B /* ViewController.m in Sources */,
				C92DCA891A9581E40096BF2B /* AppDelegate.m in Sources */,
				C92DCA861A9581E40096BF2B /* main.m in Sources */,
			);
			runOnlyForDeploymentPostprocessing = 0;
		};
		C92DCA951A9581E40096BF2B /* Sources */ = {
			isa = PBXSourcesBuildPhase;
			buildActionMask = 2147483647;
			files = (
				C92DCAA01A9581E50096BF2B /* AVAudioUnitTimeEffectSampleTests.m in Sources */,
			);
			runOnlyForDeploymentPostprocessing = 0;
		};
/* End PBXSourcesBuildPhase section */

/* Begin PBXTargetDependency section */
		C92DCA9B1A9581E40096BF2B /* PBXTargetDependency */ = {
			isa = PBXTargetDependency;
			target = C92DCA7F1A9581E40096BF2B /* AVAudioUnitTimeEffectSample */;
			targetProxy = C92DCA9A1A9581E40096BF2B /* PBXContainerItemProxy */;
		};
/* End PBXTargetDependency section */

/* Begin PBXVariantGroup section */
		C92DCA8D1A9581E40096BF2B /* Main.storyboard */ = {
			isa = PBXVariantGroup;
			children = (
				C92DCA8E1A9581E40096BF2B /* Base */,
			);
			name = Main.storyboard;
			sourceTree = "<group>";
		};
		C92DCA921A9581E40096BF2B /* LaunchScreen.xib */ = {
			isa = PBXVariantGroup;
			children = (
				C92DCA931A9581E40096BF2B /* Base */,
			);
			name = LaunchScreen.xib;
			sourceTree = "<group>";
		};
/* End PBXVariantGroup section */

/* Begin XCBuildConfiguration section */
		C92DCAA11A9581E50096BF2B /* Debug */ = {
			isa = XCBuildConfiguration;
			buildSettings = {
				ALWAYS_SEARCH_USER_PATHS = NO;
				CLANG_CXX_LANGUAGE_STANDARD = "gnu++0x";
				CLANG_CXX_LIBRARY = "libc++";
				CLANG_ENABLE_MODULES = YES;
				CLANG_ENABLE_OBJC_ARC = YES;
				CLANG_WARN_BOOL_CONVERSION = YES;
				CLANG_WARN_CONSTANT_CONVERSION = YES;
				CLANG_WARN_DIRECT_OBJC_ISA_USAGE = YES_ERROR;
				CLANG_WARN_EMPTY_BODY = YES;
				CLANG_WARN_ENUM_CONVERSION = YES;
				CLANG_WARN_INT_CONVERSION = YES;
				CLANG_WARN_OBJC_ROOT_CLASS = YES_ERROR;
				CLANG_WARN_UNREACHABLE_CODE = YES;
				CLANG_WARN__DUPLICATE_METHOD_MATCH = YES;
				"CODE_SIGN_IDENTITY[sdk=iphoneos*]" = "iPhone Developer";
				COPY_PHASE_STRIP = NO;
				ENABLE_STRICT_OBJC_MSGSEND = YES;
				GCC_C_LANGUAGE_STANDARD = gnu99;
				GCC_DYNAMIC_NO_PIC = NO;
				GCC_OPTIMIZATION_LEVEL = 0;
				GCC_PREPROCESSOR_DEFINITIONS = (
					"DEBUG=1",
					"$(inherited)",
				);
				GCC_SYMBOLS_PRIVATE_EXTERN = NO;
				GCC_WARN_64_TO_32_BIT_CONVERSION = YES;
				GCC_WARN_ABOUT_RETURN_TYPE = YES_ERROR;
				GCC_WARN_UNDECLARED_SELECTOR = YES;
				GCC_WARN_UNINITIALIZED_AUTOS = YES_AGGRESSIVE;
				GCC_WARN_UNUSED_FUNCTION = YES;
				GCC_WARN_UNUSED_VARIABLE = YES;
				IPHONEOS_DEPLOYMENT_TARGET = 8.1;
				MTL_ENABLE_DEBUG_INFO = YES;
				ONLY_ACTIVE_ARCH = YES;
				SDKROOT = iphoneos;
			};
			name = Debug;
		};
		C92DCAA21A9581E50096BF2B /* Release */ = {
			isa = XCBuildConfiguration;
			buildSettings = {
				ALWAYS_SEARCH_USER_PATHS = NO;
				CLANG_CXX_LANGUAGE_STANDARD = "gnu++0x";
				CLANG_CXX_LIBRARY = "libc++";
				CLANG_ENABLE_MODULES = YES;
				CLANG_ENABLE_OBJC_ARC = YES;
				CLANG_WARN_BOOL_CONVERSION = YES;
				CLANG_WARN_CONSTANT_CONVERSION = YES;
				CLANG_WARN_DIRECT_OBJC_ISA_USAGE = YES_ERROR;
				CLANG_WARN_EMPTY_BODY = YES;
				CLANG_WARN_ENUM_CONVERSION = YES;
				CLANG_WARN_INT_CONVERSION = YES;
				CLANG_WARN_OBJC_ROOT_CLASS = YES_ERROR;
				CLANG_WARN_UNREACHABLE_CODE = YES;
				CLANG_WARN__DUPLICATE_METHOD_MATCH = YES;
				"CODE_SIGN_IDENTITY[sdk=iphoneos*]" = "iPhone Developer";
				COPY_PHASE_STRIP = YES;
				ENABLE_NS_ASSERTIONS = NO;
				ENABLE_STRICT_OBJC_MSGSEND = YES;
				GCC_C_LANGUAGE_STANDARD = gnu99;
				GCC_WARN_64_TO_32_BIT_CONVERSION = YES;
				GCC_WARN_ABOUT_RETURN_TYPE = YES_ERROR;
				GCC_WARN_UNDECLARED_SELECTOR = YES;
				GCC_WARN_UNINITIALIZED_AUTOS = YES_AGGRESSIVE;
				GCC_WARN_UNUSED_FUNCTION = YES;
				GCC_WARN_UNUSED_VARIABLE = YES;
				IPHONEOS_DEPLOYMENT_TARGET = 8.1;
				MTL_ENABLE_DEBUG_INFO = NO;
				SDKROOT = iphoneos;
				VALIDATE_PRODUCT = YES;
			};
			name = Release;
		};
		C92DCAA41A9581E50096BF2B /* Debug */ = {
			isa = XCBuildConfiguration;
			buildSettings = {
				ASSETCATALOG_COMPILER_APPICON_NAME = AppIcon;
				INFOPLIST_FILE = AVAudioUnitTimeEffectSample/Info.plist;
				LD_RUNPATH_SEARCH_PATHS = "$(inherited) @executable_path/Frameworks";
				PRODUCT_NAME = "$(TARGET_NAME)";
			};
			name = Debug;
		};
		C92DCAA51A9581E50096BF2B /* Release */ = {
			isa = XCBuildConfiguration;
			buildSettings = {
				ASSETCATALOG_COMPILER_APPICON_NAME = AppIcon;
				INFOPLIST_FILE = AVAudioUnitTimeEffectSample/Info.plist;
				LD_RUNPATH_SEARCH_PATHS = "$(inherited) @executable_path/Frameworks";
				PRODUCT_NAME = "$(TARGET_NAME)";
			};
			name = Release;
		};
		C92DCAA71A9581E50096BF2B /* Debug */ = {
			isa = XCBuildConfiguration;
			buildSettings = {
				BUNDLE_LOADER = "$(TEST_HOST)";
				FRAMEWORK_SEARCH_PATHS = (
					"$(SDKROOT)/Developer/Library/Frameworks",
					"$(inherited)",
				);
				GCC_PREPROCESSOR_DEFINITIONS = (
					"DEBUG=1",
					"$(inherited)",
				);
				INFOPLIST_FILE = AVAudioUnitTimeEffectSampleTests/Info.plist;
				LD_RUNPATH_SEARCH_PATHS = "$(inherited) @executable_path/Frameworks @loader_path/Frameworks";
				PRODUCT_NAME = "$(TARGET_NAME)";
				TEST_HOST = "$(BUILT_PRODUCTS_DIR)/AVAudioUnitTimeEffectSample.app/AVAudioUnitTimeEffectSample";
			};
			name = Debug;
		};
		C92DCAA81A9581E50096BF2B /* Release */ = {
			isa = XCBuildConfiguration;
			buildSettings = {
				BUNDLE_LOADER = "$(TEST_HOST)";
				FRAMEWORK_SEARCH_PATHS = (
					"$(SDKROOT)/Developer/Library/Frameworks",
					"$(inherited)",
				);
				INFOPLIST_FILE = AVAudioUnitTimeEffectSampleTests/Info.plist;
				LD_RUNPATH_SEARCH_PATHS = "$(inherited) @executable_path/Frameworks @loader_path/Frameworks";
				PRODUCT_NAME = "$(TARGET_NAME)";
				TEST_HOST = "$(BUILT_PRODUCTS_DIR)/AVAudioUnitTimeEffectSample.app/AVAudioUnitTimeEffectSample";
			};
			name = Release;
		};
/* End XCBuildConfiguration section */

/* Begin XCConfigurationList section */
		C92DCA7B1A9581E40096BF2B /* Build configuration list for PBXProject "AVAudioUnitTimeEffectSample" */ = {
			isa = XCConfigurationList;
			buildConfigurations = (
				C92DCAA11A9581E50096BF2B /* Debug */,
				C92DCAA21A9581E50096BF2B /* Release */,
			);
			defaultConfigurationIsVisible = 0;
			defaultConfigurationName = Release;
		};
		C92DCAA31A9581E50096BF2B /* Build configuration list for PBXNativeTarget "AVAudioUnitTimeEffectSample" */ = {
			isa = XCConfigurationList;
			buildConfigurations = (
				C92DCAA41A9581E50096BF2B /* Debug */,
				C92DCAA51A9581E50096BF2B /* Release */,
			);
			defaultConfigurationIsVisible = 0;
		};
		C92DCAA61A9581E50096BF2B /* Build configuration list for PBXNativeTarget "AVAudioUnitTimeEffectSampleTests" */ = {
			isa = XCConfigurationList;
			buildConfigurations = (
				C92DCAA71A9581E50096BF2B /* Debug */,
				C92DCAA81A9581E50096BF2B /* Release */,
			);
			defaultConfigurationIsVisible = 0;
		};
/* End XCConfigurationList section */
	};
	rootObject = C92DCA781A9581E40096BF2B /* Project object */;
}
